{
  "object": {
    "pins": [
      {
        "package": "Snippets",
        "repositoryURL": "https://github.com/microdotblog/snippets.git",
        "state": {
          "branch": null,
          "revision": "e09eddb4dcb3add6a9b9efc4ffaf598562000f40",
          "version": "1.1.3"
        }
      },
      {
        "package": "UUSwift",
        "repositoryURL": "https://github.com/SilverPineSoftware/UUSwift.git",
        "state": {
          "branch": null,
          "revision": "ab1c75cacaa305335f18649b4bfb35b8330e85a0",
          "version": "1.1.8"
        }
      },
      {
        "package": "UUSwiftCore",
        "repositoryURL": "https://github.com/SilverPineSoftware/UUSwiftCore.git",
        "state": {
          "branch": null,
          "revision": "b95418b2c0467c1a8abe704c63db7fa5b1f9aa58",
          "version": "1.1.0"
        }
      },
      {
        "package": "UUSwiftImage",
        "repositoryURL": "https://github.com/SilverPineSoftware/UUSwiftImage.git",
        "state": {
          "branch": null,
          "revision": "7f6bfb954a65b2e22514dfd5cf9b6604d440b58f",
          "version": "1.1.0"
        }
      },
      {
        "package": "UUSwiftNetworking",
        "repositoryURL": "https://github.com/SilverPineSoftware/UUSwiftNetworking.git",
        "state": {
          "branch": null,
          "revision": "8d587368712ffad5ed1b69eac0b2ae84040853df",
          "version": "1.0.5"
        }
      },
      {
        "package": "UUSwiftUX",
        "repositoryURL": "https://github.com/SilverPineSoftware/UUSwiftUX.git",
        "state": {
          "branch": null,
          "revision": "9dcda9ac337360ea9f29e465053ce3fc2c483432",
          "version": "1.0.5"
        }
      }
    ]
  },
  "version": 1
}
