{
  "originHash" : "e88a013ae2f8ffd138b0b2c38c354540466c757e28e0835e3104be2c57162d74",
  "pins" : [
    {
      "identity" : "snippets",
      "kind" : "remoteSourceControl",
      "location" : "https://github.com/vincode-io/snippets.git",
      "state" : {
        "branch" : "post-categories",
        "revision" : "63bb45c437911cce0f9b50f6d52597885e2601d0"
      }
    },
    {
      "identity" : "uuswift",
      "kind" : "remoteSourceControl",
      "location" : "https://github.com/SilverPineSoftware/UUSwift.git",
      "state" : {
        "revision" : "d2cb8b86e8c4a928a38c8fa3b51851e4b66c970e",
        "version" : "1.1.11"
      }
    },
    {
      "identity" : "uuswiftcore",
      "kind" : "remoteSourceControl",
      "location" : "https://github.com/SilverPineSoftware/UUSwiftCore.git",
      "state" : {
        "revision" : "20859a9a2d9349804c7cdaf229fc66daca65e322",
        "version" : "1.1.9"
      }
    },
    {
      "identity" : "uuswiftimage",
      "kind" : "remoteSourceControl",
      "location" : "https://github.com/SilverPineSoftware/UUSwiftImage.git",
      "state" : {
        "revision" : "d84c524b4d00ce6f2b985d1fbfabfc17a7acd41a",
        "version" : "1.1.2"
      }
    },
    {
      "identity" : "uuswiftnetworking",
      "kind" : "remoteSourceControl",
      "location" : "https://github.com/SilverPineSoftware/UUSwiftNetworking.git",
      "state" : {
        "revision" : "62b16d4bdbf12a95d759915105072da2484ecd1f",
        "version" : "1.3.8"
      }
    },
    {
      "identity" : "uuswiftux",
      "kind" : "remoteSourceControl",
      "location" : "https://github.com/SilverPineSoftware/UUSwiftUX.git",
      "state" : {
        "revision" : "ae493b6001f69371c498f440cf8c20c26b5cc9cc",
        "version" : "1.0.10"
      }
    }
  ],
  "version" : 3
}
