// !$*UTF8*$!
{
	archiveVersion = 1;
	classes = {
	};
	objectVersion = 55;
	objects = {

/* Begin PBXBuildFile section */
		51499AEE2707D73C00DBBD77 /* AppDelegate.swift in Sources */ = {isa = PBXBuildFile; fileRef = 51499AED2707D73C00DBBD77 /* AppDelegate.swift */; };
		51499AF02707D73C00DBBD77 /* SceneDelegate.swift in Sources */ = {isa = PBXBuildFile; fileRef = 51499AEF2707D73C00DBBD77 /* SceneDelegate.swift */; };
		51499AF22707D73C00DBBD77 /* SignInViewController.swift in Sources */ = {isa = PBXBuildFile; fileRef = 51499AF12707D73C00DBBD77 /* SignInViewController.swift */; };
		51499AF52707D73C00DBBD77 /* Main.storyboard in Resources */ = {isa = PBXBuildFile; fileRef = 51499AF32707D73C00DBBD77 /* Main.storyboard */; };
		51499AF72707D73D00DBBD77 /* Assets.xcassets in Resources */ = {isa = PBXBuildFile; fileRef = 51499AF62707D73D00DBBD77 /* Assets.xcassets */; };
		51499AFA2707D73D00DBBD77 /* LaunchScreen.storyboard in Resources */ = {isa = PBXBuildFile; fileRef = 51499AF82707D73D00DBBD77 /* LaunchScreen.storyboard */; };
		51499B052707DC6800DBBD77 /* IntentHandler.swift in Sources */ = {isa = PBXBuildFile; fileRef = 51499B032707DC3B00DBBD77 /* IntentHandler.swift */; };
		515FB1C42707EA3C00B4FE65 /* AppDefaults.swift in Sources */ = {isa = PBXBuildFile; fileRef = 5194D56A2706390700FA0365 /* AppDefaults.swift */; };
		515FB1C52707EA3C00B4FE65 /* AppDefaults.swift in Sources */ = {isa = PBXBuildFile; fileRef = 5194D56A2706390700FA0365 /* AppDefaults.swift */; };
		515FB1C62707EA4000B4FE65 /* TokenManager.swift in Sources */ = {isa = PBXBuildFile; fileRef = 5194D56D27063A3500FA0365 /* TokenManager.swift */; };
		515FB1C72707EA4000B4FE65 /* TokenManager.swift in Sources */ = {isa = PBXBuildFile; fileRef = 5194D56D27063A3500FA0365 /* TokenManager.swift */; };
		515FB1C92707EAB200B4FE65 /* UIViewController+.swift in Sources */ = {isa = PBXBuildFile; fileRef = 515FB1C82707EAB200B4FE65 /* UIViewController+.swift */; };
		515FB1CB2707EC5000B4FE65 /* Snippets in Frameworks */ = {isa = PBXBuildFile; productRef = 515FB1CA2707EC5000B4FE65 /* Snippets */; };
		515FB1CD2707EC5800B4FE65 /* Snippets in Frameworks */ = {isa = PBXBuildFile; productRef = 515FB1CC2707EC5800B4FE65 /* Snippets */; };
		515FB1CF2707EF8600B4FE65 /* AuthenticatedViewController.swift in Sources */ = {isa = PBXBuildFile; fileRef = 515FB1CE2707EF8600B4FE65 /* AuthenticatedViewController.swift */; };
		517F9E5E270E59A6004AD979 /* Intents.intentdefinition in Sources */ = {isa = PBXBuildFile; fileRef = 517F9E5D270E59A6004AD979 /* Intents.intentdefinition */; };
		517F9E5F270E59A6004AD979 /* Intents.intentdefinition in Sources */ = {isa = PBXBuildFile; fileRef = 517F9E5D270E59A6004AD979 /* Intents.intentdefinition */; };
		517F9E61270E6E0E004AD979 /* PostHTMLIntentHandler.swift in Sources */ = {isa = PBXBuildFile; fileRef = 517F9E60270E6E0E004AD979 /* PostHTMLIntentHandler.swift */; };
		517F9E62270E6E0E004AD979 /* PostHTMLIntentHandler.swift in Sources */ = {isa = PBXBuildFile; fileRef = 517F9E60270E6E0E004AD979 /* PostHTMLIntentHandler.swift */; };
		517F9E63270E7CD8004AD979 /* IntentsExtension.appex in Embed App Extensions */ = {isa = PBXBuildFile; fileRef = 51872A962707B5200078CF1A /* IntentsExtension.appex */; settings = {ATTRIBUTES = (RemoveHeadersOnCopy, ); }; };
		517F9E68270F0C2F004AD979 /* GetBlogIDIntentHandler.swift in Sources */ = {isa = PBXBuildFile; fileRef = 517F9E67270F0C2F004AD979 /* GetBlogIDIntentHandler.swift */; };
		517F9E69270F0C2F004AD979 /* GetBlogIDIntentHandler.swift in Sources */ = {isa = PBXBuildFile; fileRef = 517F9E67270F0C2F004AD979 /* GetBlogIDIntentHandler.swift */; };
		517F9E6B270F0CC0004AD979 /* SnippetsIntentHandler.swift in Sources */ = {isa = PBXBuildFile; fileRef = 517F9E6A270F0CC0004AD979 /* SnippetsIntentHandler.swift */; };
		517F9E6C270F0CC0004AD979 /* SnippetsIntentHandler.swift in Sources */ = {isa = PBXBuildFile; fileRef = 517F9E6A270F0CC0004AD979 /* SnippetsIntentHandler.swift */; };
		51872A972707B5200078CF1A /* Intents.framework in Frameworks */ = {isa = PBXBuildFile; fileRef = 51872A842707B2410078CF1A /* Intents.framework */; platformFilter = maccatalyst; };
/* End PBXBuildFile section */

/* Begin PBXContainerItemProxy section */
		517F9E64270E7CD8004AD979 /* PBXContainerItemProxy */ = {
			isa = PBXContainerItemProxy;
			containerPortal = 5194D54427060F6300FA0365 /* Project object */;
			proxyType = 1;
			remoteGlobalIDString = 51872A952707B5200078CF1A;
			remoteInfo = IntentsExtension;
		};
/* End PBXContainerItemProxy section */

/* Begin PBXCopyFilesBuildPhase section */
		517F9E66270E7CD8004AD979 /* Embed App Extensions */ = {
			isa = PBXCopyFilesBuildPhase;
			buildActionMask = 2147483647;
			dstPath = "";
			dstSubfolderSpec = 13;
			files = (
				517F9E63270E7CD8004AD979 /* IntentsExtension.appex in Embed App Extensions */,
			);
			name = "Embed App Extensions";
			runOnlyForDeploymentPostprocessing = 0;
		};
/* End PBXCopyFilesBuildPhase section */

/* Begin PBXFileReference section */
		51499AEB2707D73C00DBBD77 /* Ringgold.app */ = {isa = PBXFileReference; explicitFileType = wrapper.application; includeInIndex = 0; path = Ringgold.app; sourceTree = BUILT_PRODUCTS_DIR; };
		51499AED2707D73C00DBBD77 /* AppDelegate.swift */ = {isa = PBXFileReference; lastKnownFileType = sourcecode.swift; path = AppDelegate.swift; sourceTree = "<group>"; };
		51499AEF2707D73C00DBBD77 /* SceneDelegate.swift */ = {isa = PBXFileReference; lastKnownFileType = sourcecode.swift; path = SceneDelegate.swift; sourceTree = "<group>"; };
		51499AF12707D73C00DBBD77 /* SignInViewController.swift */ = {isa = PBXFileReference; lastKnownFileType = sourcecode.swift; path = SignInViewController.swift; sourceTree = "<group>"; };
		51499AF42707D73C00DBBD77 /* Base */ = {isa = PBXFileReference; lastKnownFileType = file.storyboard; name = Base; path = Base.lproj/Main.storyboard; sourceTree = "<group>"; };
		51499AF62707D73D00DBBD77 /* Assets.xcassets */ = {isa = PBXFileReference; lastKnownFileType = folder.assetcatalog; path = Assets.xcassets; sourceTree = "<group>"; };
		51499AF92707D73D00DBBD77 /* Base */ = {isa = PBXFileReference; lastKnownFileType = file.storyboard; name = Base; path = Base.lproj/LaunchScreen.storyboard; sourceTree = "<group>"; };
		51499AFB2707D73D00DBBD77 /* Info.plist */ = {isa = PBXFileReference; lastKnownFileType = text.plist.xml; path = Info.plist; sourceTree = "<group>"; };
		51499B002707D7EC00DBBD77 /* Ringgold.entitlements */ = {isa = PBXFileReference; lastKnownFileType = text.plist.entitlements; path = Ringgold.entitlements; sourceTree = "<group>"; };
		51499B022707DC3B00DBBD77 /* Ringgold_IntentsExtension.entitlements */ = {isa = PBXFileReference; lastKnownFileType = text.plist.entitlements; path = Ringgold_IntentsExtension.entitlements; sourceTree = "<group>"; };
		51499B032707DC3B00DBBD77 /* IntentHandler.swift */ = {isa = PBXFileReference; lastKnownFileType = sourcecode.swift; path = IntentHandler.swift; sourceTree = "<group>"; };
		51499B042707DC3B00DBBD77 /* Info.plist */ = {isa = PBXFileReference; lastKnownFileType = text.plist.xml; path = Info.plist; sourceTree = "<group>"; };
		515FB1C82707EAB200B4FE65 /* UIViewController+.swift */ = {isa = PBXFileReference; lastKnownFileType = sourcecode.swift; path = "UIViewController+.swift"; sourceTree = "<group>"; };
		515FB1CE2707EF8600B4FE65 /* AuthenticatedViewController.swift */ = {isa = PBXFileReference; lastKnownFileType = sourcecode.swift; path = AuthenticatedViewController.swift; sourceTree = "<group>"; };
		517F9E5D270E59A6004AD979 /* Intents.intentdefinition */ = {isa = PBXFileReference; lastKnownFileType = file.intentdefinition; path = Intents.intentdefinition; sourceTree = "<group>"; };
		517F9E60270E6E0E004AD979 /* PostHTMLIntentHandler.swift */ = {isa = PBXFileReference; lastKnownFileType = sourcecode.swift; path = PostHTMLIntentHandler.swift; sourceTree = "<group>"; };
		517F9E67270F0C2F004AD979 /* GetBlogIDIntentHandler.swift */ = {isa = PBXFileReference; lastKnownFileType = sourcecode.swift; path = GetBlogIDIntentHandler.swift; sourceTree = "<group>"; };
		517F9E6A270F0CC0004AD979 /* SnippetsIntentHandler.swift */ = {isa = PBXFileReference; lastKnownFileType = sourcecode.swift; path = SnippetsIntentHandler.swift; sourceTree = "<group>"; };
		51872A842707B2410078CF1A /* Intents.framework */ = {isa = PBXFileReference; lastKnownFileType = wrapper.framework; name = Intents.framework; path = System/Library/Frameworks/Intents.framework; sourceTree = SDKROOT; };
		51872A912707B2B10078CF1A /* Ringgold_iOS_intents_target.xcconfig */ = {isa = PBXFileReference; lastKnownFileType = text.xcconfig; path = Ringgold_iOS_intents_target.xcconfig; sourceTree = "<group>"; };
		51872A962707B5200078CF1A /* IntentsExtension.appex */ = {isa = PBXFileReference; explicitFileType = "wrapper.app-extension"; includeInIndex = 0; path = IntentsExtension.appex; sourceTree = BUILT_PRODUCTS_DIR; };
		5194D56A2706390700FA0365 /* AppDefaults.swift */ = {isa = PBXFileReference; lastKnownFileType = sourcecode.swift; path = AppDefaults.swift; sourceTree = "<group>"; };
		5194D56D27063A3500FA0365 /* TokenManager.swift */ = {isa = PBXFileReference; lastKnownFileType = sourcecode.swift; path = TokenManager.swift; sourceTree = "<group>"; };
		5194D57227063CA100FA0365 /* Ringgold_ios_target.xcconfig */ = {isa = PBXFileReference; fileEncoding = 4; lastKnownFileType = text.xcconfig; path = Ringgold_ios_target.xcconfig; sourceTree = "<group>"; };
		5194D57727063D0500FA0365 /* Ringgold_iOS_target_common.xcconfig */ = {isa = PBXFileReference; fileEncoding = 4; lastKnownFileType = text.xcconfig; path = Ringgold_iOS_target_common.xcconfig; sourceTree = "<group>"; };
		5194D57D27063E4500FA0365 /* Ringgold_project.xcconfig */ = {isa = PBXFileReference; fileEncoding = 4; lastKnownFileType = text.xcconfig; path = Ringgold_project.xcconfig; sourceTree = "<group>"; };
		5194D58027063E8300FA0365 /* Ringgold_project_debug.xcconfig */ = {isa = PBXFileReference; lastKnownFileType = text.xcconfig; path = Ringgold_project_debug.xcconfig; sourceTree = "<group>"; };
		5194D58127063E8300FA0365 /* Ringgold_project_release.xcconfig */ = {isa = PBXFileReference; lastKnownFileType = text.xcconfig; path = Ringgold_project_release.xcconfig; sourceTree = "<group>"; };
/* End PBXFileReference section */

/* Begin PBXFrameworksBuildPhase section */
		51499AE82707D73C00DBBD77 /* Frameworks */ = {
			isa = PBXFrameworksBuildPhase;
			buildActionMask = 2147483647;
			files = (
				515FB1CB2707EC5000B4FE65 /* Snippets in Frameworks */,
			);
			runOnlyForDeploymentPostprocessing = 0;
		};
		51872A932707B5200078CF1A /* Frameworks */ = {
			isa = PBXFrameworksBuildPhase;
			buildActionMask = 2147483647;
			files = (
				515FB1CD2707EC5800B4FE65 /* Snippets in Frameworks */,
				51872A972707B5200078CF1A /* Intents.framework in Frameworks */,
			);
			runOnlyForDeploymentPostprocessing = 0;
		};
/* End PBXFrameworksBuildPhase section */

/* Begin PBXGroup section */
		51499AFF2707D7BE00DBBD77 /* Ringgold */ = {
			isa = PBXGroup;
			children = (
				51499B002707D7EC00DBBD77 /* Ringgold.entitlements */,
				51499AFB2707D73D00DBBD77 /* Info.plist */,
				51499AED2707D73C00DBBD77 /* AppDelegate.swift */,
				515FB1CE2707EF8600B4FE65 /* AuthenticatedViewController.swift */,
				51499AEF2707D73C00DBBD77 /* SceneDelegate.swift */,
				51499AF12707D73C00DBBD77 /* SignInViewController.swift */,
				515FB1C82707EAB200B4FE65 /* UIViewController+.swift */,
				51499AF62707D73D00DBBD77 /* Assets.xcassets */,
				51499AF82707D73D00DBBD77 /* LaunchScreen.storyboard */,
				51499AF32707D73C00DBBD77 /* Main.storyboard */,
			);
			path = Ringgold;
			sourceTree = "<group>";
		};
		51499B012707DC3B00DBBD77 /* IntentsExtension */ = {
			isa = PBXGroup;
			children = (
				51499B022707DC3B00DBBD77 /* Ringgold_IntentsExtension.entitlements */,
				51499B032707DC3B00DBBD77 /* IntentHandler.swift */,
				51499B042707DC3B00DBBD77 /* Info.plist */,
			);
			path = IntentsExtension;
			sourceTree = "<group>";
		};
		5194D54327060F6300FA0365 = {
			isa = PBXGroup;
			children = (
				51499AFF2707D7BE00DBBD77 /* Ringgold */,
				5194D54827060F6300FA0365 /* Shared */,
				51499B012707DC3B00DBBD77 /* IntentsExtension */,
				5194D57027063C4400FA0365 /* xcconfig */,
				5194D55127060F6500FA0365 /* Products */,
				5194D58827064D6B00FA0365 /* Frameworks */,
			);
			sourceTree = "<group>";
		};
		5194D54827060F6300FA0365 /* Shared */ = {
			isa = PBXGroup;
			children = (
				517F9E5D270E59A6004AD979 /* Intents.intentdefinition */,
				5194D56A2706390700FA0365 /* AppDefaults.swift */,
				517F9E67270F0C2F004AD979 /* GetBlogIDIntentHandler.swift */,
				517F9E60270E6E0E004AD979 /* PostHTMLIntentHandler.swift */,
				517F9E6A270F0CC0004AD979 /* SnippetsIntentHandler.swift */,
				5194D56D27063A3500FA0365 /* TokenManager.swift */,
			);
			path = Shared;
			sourceTree = "<group>";
		};
		5194D55127060F6500FA0365 /* Products */ = {
			isa = PBXGroup;
			children = (
				51872A962707B5200078CF1A /* IntentsExtension.appex */,
				51499AEB2707D73C00DBBD77 /* Ringgold.app */,
			);
			name = Products;
			sourceTree = "<group>";
		};
		5194D57027063C4400FA0365 /* xcconfig */ = {
			isa = PBXGroup;
			children = (
				5194D57D27063E4500FA0365 /* Ringgold_project.xcconfig */,
				5194D58027063E8300FA0365 /* Ringgold_project_debug.xcconfig */,
				5194D58127063E8300FA0365 /* Ringgold_project_release.xcconfig */,
				5194D57727063D0500FA0365 /* Ringgold_iOS_target_common.xcconfig */,
				5194D57227063CA100FA0365 /* Ringgold_ios_target.xcconfig */,
				51872A912707B2B10078CF1A /* Ringgold_iOS_intents_target.xcconfig */,
			);
			path = xcconfig;
			sourceTree = "<group>";
		};
		5194D58827064D6B00FA0365 /* Frameworks */ = {
			isa = PBXGroup;
			children = (
				51872A842707B2410078CF1A /* Intents.framework */,
			);
			name = Frameworks;
			sourceTree = "<group>";
		};
/* End PBXGroup section */

/* Begin PBXNativeTarget section */
		51499AEA2707D73C00DBBD77 /* Ringgold */ = {
			isa = PBXNativeTarget;
			buildConfigurationList = 51499AFE2707D73D00DBBD77 /* Build configuration list for PBXNativeTarget "Ringgold" */;
			buildPhases = (
				51499AE72707D73C00DBBD77 /* Sources */,
				51499AE82707D73C00DBBD77 /* Frameworks */,
				51499AE92707D73C00DBBD77 /* Resources */,
				517F9E66270E7CD8004AD979 /* Embed App Extensions */,
			);
			buildRules = (
			);
			dependencies = (
				517F9E65270E7CD8004AD979 /* PBXTargetDependency */,
			);
			name = Ringgold;
			packageProductDependencies = (
				515FB1CA2707EC5000B4FE65 /* Snippets */,
			);
			productName = Ringgold;
			productReference = 51499AEB2707D73C00DBBD77 /* Ringgold.app */;
			productType = "com.apple.product-type.application";
		};
		51872A952707B5200078CF1A /* IntentsExtension */ = {
			isa = PBXNativeTarget;
			buildConfigurationList = 51872A9F2707B5200078CF1A /* Build configuration list for PBXNativeTarget "IntentsExtension" */;
			buildPhases = (
				51872A922707B5200078CF1A /* Sources */,
				51872A932707B5200078CF1A /* Frameworks */,
				51872A942707B5200078CF1A /* Resources */,
			);
			buildRules = (
			);
			dependencies = (
			);
			name = IntentsExtension;
			packageProductDependencies = (
				515FB1CC2707EC5800B4FE65 /* Snippets */,
			);
			productName = IntentsExtension;
			productReference = 51872A962707B5200078CF1A /* IntentsExtension.appex */;
			productType = "com.apple.product-type.app-extension";
		};
/* End PBXNativeTarget section */

/* Begin PBXProject section */
		5194D54427060F6300FA0365 /* Project object */ = {
			isa = PBXProject;
			attributes = {
				BuildIndependentTargetsInParallel = 1;
				LastSwiftUpdateCheck = 1300;
				LastUpgradeCheck = 1300;
				TargetAttributes = {
					51499AEA2707D73C00DBBD77 = {
						CreatedOnToolsVersion = 13.0;
					};
					51872A952707B5200078CF1A = {
						CreatedOnToolsVersion = 13.0;
						LastSwiftMigration = 1300;
					};
				};
			};
			buildConfigurationList = 5194D54727060F6300FA0365 /* Build configuration list for PBXProject "Ringgold" */;
			compatibilityVersion = "Xcode 13.0";
			developmentRegion = en;
			hasScannedForEncodings = 0;
			knownRegions = (
				en,
				Base,
			);
			mainGroup = 5194D54327060F6300FA0365;
			packageReferences = (
				5194D56727060FEC00FA0365 /* XCRemoteSwiftPackageReference "snippets" */,
			);
			productRefGroup = 5194D55127060F6500FA0365 /* Products */;
			projectDirPath = "";
			projectRoot = "";
			targets = (
				51499AEA2707D73C00DBBD77 /* Ringgold */,
				51872A952707B5200078CF1A /* IntentsExtension */,
			);
		};
/* End PBXProject section */

/* Begin PBXResourcesBuildPhase section */
		51499AE92707D73C00DBBD77 /* Resources */ = {
			isa = PBXResourcesBuildPhase;
			buildActionMask = 2147483647;
			files = (
				51499AFA2707D73D00DBBD77 /* LaunchScreen.storyboard in Resources */,
				51499AF72707D73D00DBBD77 /* Assets.xcassets in Resources */,
				51499AF52707D73C00DBBD77 /* Main.storyboard in Resources */,
			);
			runOnlyForDeploymentPostprocessing = 0;
		};
		51872A942707B5200078CF1A /* Resources */ = {
			isa = PBXResourcesBuildPhase;
			buildActionMask = 2147483647;
			files = (
			);
			runOnlyForDeploymentPostprocessing = 0;
		};
/* End PBXResourcesBuildPhase section */

/* Begin PBXSourcesBuildPhase section */
		51499AE72707D73C00DBBD77 /* Sources */ = {
			isa = PBXSourcesBuildPhase;
			buildActionMask = 2147483647;
			files = (
				517F9E61270E6E0E004AD979 /* PostHTMLIntentHandler.swift in Sources */,
				51499AF22707D73C00DBBD77 /* SignInViewController.swift in Sources */,
				515FB1C42707EA3C00B4FE65 /* AppDefaults.swift in Sources */,
				515FB1CF2707EF8600B4FE65 /* AuthenticatedViewController.swift in Sources */,
				515FB1C92707EAB200B4FE65 /* UIViewController+.swift in Sources */,
				515FB1C62707EA4000B4FE65 /* TokenManager.swift in Sources */,
				517F9E68270F0C2F004AD979 /* GetBlogIDIntentHandler.swift in Sources */,
				51499AEE2707D73C00DBBD77 /* AppDelegate.swift in Sources */,
				517F9E5E270E59A6004AD979 /* Intents.intentdefinition in Sources */,
				51499AF02707D73C00DBBD77 /* SceneDelegate.swift in Sources */,
				517F9E6B270F0CC0004AD979 /* SnippetsIntentHandler.swift in Sources */,
			);
			runOnlyForDeploymentPostprocessing = 0;
		};
		51872A922707B5200078CF1A /* Sources */ = {
			isa = PBXSourcesBuildPhase;
			buildActionMask = 2147483647;
			files = (
				517F9E69270F0C2F004AD979 /* GetBlogIDIntentHandler.swift in Sources */,
				51499B052707DC6800DBBD77 /* IntentHandler.swift in Sources */,
				515FB1C72707EA4000B4FE65 /* TokenManager.swift in Sources */,
				517F9E5F270E59A6004AD979 /* Intents.intentdefinition in Sources */,
				515FB1C52707EA3C00B4FE65 /* AppDefaults.swift in Sources */,
				517F9E62270E6E0E004AD979 /* PostHTMLIntentHandler.swift in Sources */,
				517F9E6C270F0CC0004AD979 /* SnippetsIntentHandler.swift in Sources */,
			);
			runOnlyForDeploymentPostprocessing = 0;
		};
/* End PBXSourcesBuildPhase section */

/* Begin PBXTargetDependency section */
		517F9E65270E7CD8004AD979 /* PBXTargetDependency */ = {
			isa = PBXTargetDependency;
			target = 51872A952707B5200078CF1A /* IntentsExtension */;
			targetProxy = 517F9E64270E7CD8004AD979 /* PBXContainerItemProxy */;
		};
/* End PBXTargetDependency section */

/* Begin PBXVariantGroup section */
		51499AF32707D73C00DBBD77 /* Main.storyboard */ = {
			isa = PBXVariantGroup;
			children = (
				51499AF42707D73C00DBBD77 /* Base */,
			);
			name = Main.storyboard;
			sourceTree = "<group>";
		};
		51499AF82707D73D00DBBD77 /* LaunchScreen.storyboard */ = {
			isa = PBXVariantGroup;
			children = (
				51499AF92707D73D00DBBD77 /* Base */,
			);
			name = LaunchScreen.storyboard;
			sourceTree = "<group>";
		};
/* End PBXVariantGroup section */

/* Begin XCBuildConfiguration section */
		51499AFC2707D73D00DBBD77 /* Debug */ = {
			isa = XCBuildConfiguration;
			baseConfigurationReference = 5194D57227063CA100FA0365 /* Ringgold_ios_target.xcconfig */;
			buildSettings = {
			};
			name = Debug;
		};
		51499AFD2707D73D00DBBD77 /* Release */ = {
			isa = XCBuildConfiguration;
			baseConfigurationReference = 5194D57227063CA100FA0365 /* Ringgold_ios_target.xcconfig */;
			buildSettings = {
			};
			name = Release;
		};
		51872AA02707B5200078CF1A /* Debug */ = {
			isa = XCBuildConfiguration;
			baseConfigurationReference = 51872A912707B2B10078CF1A /* Ringgold_iOS_intents_target.xcconfig */;
			buildSettings = {
				SUPPORTS_MACCATALYST = YES;
			};
			name = Debug;
		};
		51872AA12707B5200078CF1A /* Release */ = {
			isa = XCBuildConfiguration;
			baseConfigurationReference = 51872A912707B2B10078CF1A /* Ringgold_iOS_intents_target.xcconfig */;
			buildSettings = {
				SUPPORTS_MACCATALYST = YES;
			};
			name = Release;
		};
		5194D55F27060F6500FA0365 /* Debug */ = {
			isa = XCBuildConfiguration;
			baseConfigurationReference = 5194D58027063E8300FA0365 /* Ringgold_project_debug.xcconfig */;
			buildSettings = {
			};
			name = Debug;
		};
		5194D56027060F6500FA0365 /* Release */ = {
			isa = XCBuildConfiguration;
			baseConfigurationReference = 5194D58127063E8300FA0365 /* Ringgold_project_release.xcconfig */;
			buildSettings = {
			};
			name = Release;
		};
/* End XCBuildConfiguration section */

/* Begin XCConfigurationList section */
		51499AFE2707D73D00DBBD77 /* Build configuration list for PBXNativeTarget "Ringgold" */ = {
			isa = XCConfigurationList;
			buildConfigurations = (
				51499AFC2707D73D00DBBD77 /* Debug */,
				51499AFD2707D73D00DBBD77 /* Release */,
			);
			defaultConfigurationIsVisible = 0;
			defaultConfigurationName = Release;
		};
		51872A9F2707B5200078CF1A /* Build configuration list for PBXNativeTarget "IntentsExtension" */ = {
			isa = XCConfigurationList;
			buildConfigurations = (
				51872AA02707B5200078CF1A /* Debug */,
				51872AA12707B5200078CF1A /* Release */,
			);
			defaultConfigurationIsVisible = 0;
			defaultConfigurationName = Release;
		};
		5194D54727060F6300FA0365 /* Build configuration list for PBXProject "Ringgold" */ = {
			isa = XCConfigurationList;
			buildConfigurations = (
				5194D55F27060F6500FA0365 /* Debug */,
				5194D56027060F6500FA0365 /* Release */,
			);
			defaultConfigurationIsVisible = 0;
			defaultConfigurationName = Release;
		};
/* End XCConfigurationList section */

/* Begin XCRemoteSwiftPackageReference section */
		5194D56727060FEC00FA0365 /* XCRemoteSwiftPackageReference "snippets" */ = {
			isa = XCRemoteSwiftPackageReference;
			repositoryURL = "https://github.com/microdotblog/snippets.git";
			requirement = {
				kind = upToNextMajorVersion;
				minimumVersion = 1.0.0;
			};
		};
/* End XCRemoteSwiftPackageReference section */

/* Begin XCSwiftPackageProductDependency section */
		515FB1CA2707EC5000B4FE65 /* Snippets */ = {
			isa = XCSwiftPackageProductDependency;
			package = 5194D56727060FEC00FA0365 /* XCRemoteSwiftPackageReference "snippets" */;
			productName = Snippets;
		};
		515FB1CC2707EC5800B4FE65 /* Snippets */ = {
			isa = XCSwiftPackageProductDependency;
			package = 5194D56727060FEC00FA0365 /* XCRemoteSwiftPackageReference "snippets" */;
			productName = Snippets;
		};
/* End XCSwiftPackageProductDependency section */
	};
	rootObject = 5194D54427060F6300FA0365 /* Project object */;
}
