// !$*UTF8*$!
{
	archiveVersion = 1;
	classes = {
	};
	objectVersion = 55;
	objects = {

/* Begin PBXBuildFile section */
		5194D55927060F6500FA0365 /* RinggoldApp.swift in Sources */ = {isa = PBXBuildFile; fileRef = 5194D54927060F6300FA0365 /* RinggoldApp.swift */; };
		5194D55A27060F6500FA0365 /* RinggoldApp.swift in Sources */ = {isa = PBXBuildFile; fileRef = 5194D54927060F6300FA0365 /* RinggoldApp.swift */; };
		5194D55B27060F6500FA0365 /* ContentView.swift in Sources */ = {isa = PBXBuildFile; fileRef = 5194D54A27060F6300FA0365 /* ContentView.swift */; };
		5194D55C27060F6500FA0365 /* ContentView.swift in Sources */ = {isa = PBXBuildFile; fileRef = 5194D54A27060F6300FA0365 /* ContentView.swift */; };
		5194D55D27060F6500FA0365 /* Assets.xcassets in Resources */ = {isa = PBXBuildFile; fileRef = 5194D54B27060F6500FA0365 /* Assets.xcassets */; };
		5194D55E27060F6500FA0365 /* Assets.xcassets in Resources */ = {isa = PBXBuildFile; fileRef = 5194D54B27060F6500FA0365 /* Assets.xcassets */; };
		5194D56927060FEC00FA0365 /* Snippets in Frameworks */ = {isa = PBXBuildFile; productRef = 5194D56827060FEC00FA0365 /* Snippets */; };
		5194D56B2706390700FA0365 /* AppDefaults.swift in Sources */ = {isa = PBXBuildFile; fileRef = 5194D56A2706390700FA0365 /* AppDefaults.swift */; };
		5194D56C2706390700FA0365 /* AppDefaults.swift in Sources */ = {isa = PBXBuildFile; fileRef = 5194D56A2706390700FA0365 /* AppDefaults.swift */; };
		5194D56E27063A3500FA0365 /* CredentialsManager.swift in Sources */ = {isa = PBXBuildFile; fileRef = 5194D56D27063A3500FA0365 /* CredentialsManager.swift */; };
		5194D56F27063A3500FA0365 /* CredentialsManager.swift in Sources */ = {isa = PBXBuildFile; fileRef = 5194D56D27063A3500FA0365 /* CredentialsManager.swift */; };
		5194D58A27064D6B00FA0365 /* Snippets in Frameworks */ = {isa = PBXBuildFile; productRef = 5194D58927064D6B00FA0365 /* Snippets */; };
/* End PBXBuildFile section */

/* Begin PBXFileReference section */
		5194D54927060F6300FA0365 /* RinggoldApp.swift */ = {isa = PBXFileReference; lastKnownFileType = sourcecode.swift; path = RinggoldApp.swift; sourceTree = "<group>"; };
		5194D54A27060F6300FA0365 /* ContentView.swift */ = {isa = PBXFileReference; lastKnownFileType = sourcecode.swift; path = ContentView.swift; sourceTree = "<group>"; };
		5194D54B27060F6500FA0365 /* Assets.xcassets */ = {isa = PBXFileReference; lastKnownFileType = folder.assetcatalog; path = Assets.xcassets; sourceTree = "<group>"; };
		5194D55027060F6500FA0365 /* Ringgold.app */ = {isa = PBXFileReference; explicitFileType = wrapper.application; includeInIndex = 0; path = Ringgold.app; sourceTree = BUILT_PRODUCTS_DIR; };
		5194D55627060F6500FA0365 /* Ringgold.app */ = {isa = PBXFileReference; explicitFileType = wrapper.application; includeInIndex = 0; path = Ringgold.app; sourceTree = BUILT_PRODUCTS_DIR; };
		5194D55827060F6500FA0365 /* macOS.entitlements */ = {isa = PBXFileReference; lastKnownFileType = text.plist.entitlements; path = macOS.entitlements; sourceTree = "<group>"; };
		5194D56A2706390700FA0365 /* AppDefaults.swift */ = {isa = PBXFileReference; lastKnownFileType = sourcecode.swift; path = AppDefaults.swift; sourceTree = "<group>"; };
		5194D56D27063A3500FA0365 /* CredentialsManager.swift */ = {isa = PBXFileReference; lastKnownFileType = sourcecode.swift; path = CredentialsManager.swift; sourceTree = "<group>"; };
		5194D57127063CA100FA0365 /* Ringgold_macOS_target.xcconfig */ = {isa = PBXFileReference; fileEncoding = 4; lastKnownFileType = text.xcconfig; path = Ringgold_macOS_target.xcconfig; sourceTree = "<group>"; };
		5194D57227063CA100FA0365 /* Ringgold_ios_target.xcconfig */ = {isa = PBXFileReference; fileEncoding = 4; lastKnownFileType = text.xcconfig; path = Ringgold_ios_target.xcconfig; sourceTree = "<group>"; };
		5194D57727063D0500FA0365 /* Ringgold_iOS_target_common.xcconfig */ = {isa = PBXFileReference; fileEncoding = 4; lastKnownFileType = text.xcconfig; path = Ringgold_iOS_target_common.xcconfig; sourceTree = "<group>"; };
		5194D57827063D0600FA0365 /* Ringgold_macOS_target_common.xcconfig */ = {isa = PBXFileReference; fileEncoding = 4; lastKnownFileType = text.xcconfig; path = Ringgold_macOS_target_common.xcconfig; sourceTree = "<group>"; };
		5194D57D27063E4500FA0365 /* Ringgold_project.xcconfig */ = {isa = PBXFileReference; fileEncoding = 4; lastKnownFileType = text.xcconfig; path = Ringgold_project.xcconfig; sourceTree = "<group>"; };
		5194D58027063E8300FA0365 /* Ringgold_project_debug.xcconfig */ = {isa = PBXFileReference; lastKnownFileType = text.xcconfig; path = Ringgold_project_debug.xcconfig; sourceTree = "<group>"; };
		5194D58127063E8300FA0365 /* Ringgold_project_release.xcconfig */ = {isa = PBXFileReference; lastKnownFileType = text.xcconfig; path = Ringgold_project_release.xcconfig; sourceTree = "<group>"; };
		5194D5842706424200FA0365 /* Info.plist */ = {isa = PBXFileReference; lastKnownFileType = text.plist.xml; path = Info.plist; sourceTree = "<group>"; };
		5194D5862706427A00FA0365 /* Info.plist */ = {isa = PBXFileReference; lastKnownFileType = text.plist.xml; path = Info.plist; sourceTree = "<group>"; };
/* End PBXFileReference section */

/* Begin PBXFrameworksBuildPhase section */
		5194D54D27060F6500FA0365 /* Frameworks */ = {
			isa = PBXFrameworksBuildPhase;
			buildActionMask = 2147483647;
			files = (
				5194D56927060FEC00FA0365 /* Snippets in Frameworks */,
			);
			runOnlyForDeploymentPostprocessing = 0;
		};
		5194D55327060F6500FA0365 /* Frameworks */ = {
			isa = PBXFrameworksBuildPhase;
			buildActionMask = 2147483647;
			files = (
				5194D58A27064D6B00FA0365 /* Snippets in Frameworks */,
			);
			runOnlyForDeploymentPostprocessing = 0;
		};
/* End PBXFrameworksBuildPhase section */

/* Begin PBXGroup section */
		5194D54327060F6300FA0365 = {
			isa = PBXGroup;
			children = (
				5194D54827060F6300FA0365 /* Shared */,
				5194D55727060F6500FA0365 /* macOS */,
				5194D583270641EF00FA0365 /* iOS */,
				5194D57027063C4400FA0365 /* xcconfig */,
				5194D55127060F6500FA0365 /* Products */,
				5194D58827064D6B00FA0365 /* Frameworks */,
			);
			sourceTree = "<group>";
		};
		5194D54827060F6300FA0365 /* Shared */ = {
			isa = PBXGroup;
			children = (
				5194D56A2706390700FA0365 /* AppDefaults.swift */,
				5194D54A27060F6300FA0365 /* ContentView.swift */,
				5194D56D27063A3500FA0365 /* CredentialsManager.swift */,
				5194D54927060F6300FA0365 /* RinggoldApp.swift */,
				5194D54B27060F6500FA0365 /* Assets.xcassets */,
			);
			path = Shared;
			sourceTree = "<group>";
		};
		5194D55127060F6500FA0365 /* Products */ = {
			isa = PBXGroup;
			children = (
				5194D55027060F6500FA0365 /* Ringgold.app */,
				5194D55627060F6500FA0365 /* Ringgold.app */,
			);
			name = Products;
			sourceTree = "<group>";
		};
		5194D55727060F6500FA0365 /* macOS */ = {
			isa = PBXGroup;
			children = (
				5194D55827060F6500FA0365 /* macOS.entitlements */,
				5194D5862706427A00FA0365 /* Info.plist */,
			);
			path = macOS;
			sourceTree = "<group>";
		};
		5194D57027063C4400FA0365 /* xcconfig */ = {
			isa = PBXGroup;
			children = (
				5194D57D27063E4500FA0365 /* Ringgold_project.xcconfig */,
				5194D58027063E8300FA0365 /* Ringgold_project_debug.xcconfig */,
				5194D58127063E8300FA0365 /* Ringgold_project_release.xcconfig */,
				5194D57727063D0500FA0365 /* Ringgold_iOS_target_common.xcconfig */,
				5194D57827063D0600FA0365 /* Ringgold_macOS_target_common.xcconfig */,
				5194D57227063CA100FA0365 /* Ringgold_ios_target.xcconfig */,
				5194D57127063CA100FA0365 /* Ringgold_macOS_target.xcconfig */,
			);
			path = xcconfig;
			sourceTree = "<group>";
		};
		5194D583270641EF00FA0365 /* iOS */ = {
			isa = PBXGroup;
			children = (
				5194D5842706424200FA0365 /* Info.plist */,
			);
			path = iOS;
			sourceTree = "<group>";
		};
		5194D58827064D6B00FA0365 /* Frameworks */ = {
			isa = PBXGroup;
			children = (
			);
			name = Frameworks;
			sourceTree = "<group>";
		};
/* End PBXGroup section */

/* Begin PBXNativeTarget section */
		5194D54F27060F6500FA0365 /* Ringgold (iOS) */ = {
			isa = PBXNativeTarget;
			buildConfigurationList = 5194D56127060F6500FA0365 /* Build configuration list for PBXNativeTarget "Ringgold (iOS)" */;
			buildPhases = (
				5194D54C27060F6500FA0365 /* Sources */,
				5194D54D27060F6500FA0365 /* Frameworks */,
				5194D54E27060F6500FA0365 /* Resources */,
				5194D58227063F8700FA0365 /* Run VerifyNoBuildSettings */,
			);
			buildRules = (
			);
			dependencies = (
			);
			name = "Ringgold (iOS)";
			packageProductDependencies = (
				5194D56827060FEC00FA0365 /* Snippets */,
			);
			productName = "Ringgold (iOS)";
			productReference = 5194D55027060F6500FA0365 /* Ringgold.app */;
			productType = "com.apple.product-type.application";
		};
		5194D55527060F6500FA0365 /* Ringgold (macOS) */ = {
			isa = PBXNativeTarget;
			buildConfigurationList = 5194D56427060F6500FA0365 /* Build configuration list for PBXNativeTarget "Ringgold (macOS)" */;
			buildPhases = (
				5194D55227060F6500FA0365 /* Sources */,
				5194D55327060F6500FA0365 /* Frameworks */,
				5194D55427060F6500FA0365 /* Resources */,
			);
			buildRules = (
			);
			dependencies = (
			);
			name = "Ringgold (macOS)";
			packageProductDependencies = (
				5194D58927064D6B00FA0365 /* Snippets */,
			);
			productName = "Ringgold (macOS)";
			productReference = 5194D55627060F6500FA0365 /* Ringgold.app */;
			productType = "com.apple.product-type.application";
		};
/* End PBXNativeTarget section */

/* Begin PBXProject section */
		5194D54427060F6300FA0365 /* Project object */ = {
			isa = PBXProject;
			attributes = {
				BuildIndependentTargetsInParallel = 1;
				LastSwiftUpdateCheck = 1300;
				LastUpgradeCheck = 1300;
				TargetAttributes = {
					5194D54F27060F6500FA0365 = {
						CreatedOnToolsVersion = 13.0;
					};
					5194D55527060F6500FA0365 = {
						CreatedOnToolsVersion = 13.0;
					};
				};
			};
			buildConfigurationList = 5194D54727060F6300FA0365 /* Build configuration list for PBXProject "Ringgold" */;
			compatibilityVersion = "Xcode 13.0";
			developmentRegion = en;
			hasScannedForEncodings = 0;
			knownRegions = (
				en,
				Base,
			);
			mainGroup = 5194D54327060F6300FA0365;
			packageReferences = (
				5194D56727060FEC00FA0365 /* XCRemoteSwiftPackageReference "snippets" */,
			);
			productRefGroup = 5194D55127060F6500FA0365 /* Products */;
			projectDirPath = "";
			projectRoot = "";
			targets = (
				5194D54F27060F6500FA0365 /* Ringgold (iOS) */,
				5194D55527060F6500FA0365 /* Ringgold (macOS) */,
			);
		};
/* End PBXProject section */

/* Begin PBXResourcesBuildPhase section */
		5194D54E27060F6500FA0365 /* Resources */ = {
			isa = PBXResourcesBuildPhase;
			buildActionMask = 2147483647;
			files = (
				5194D55D27060F6500FA0365 /* Assets.xcassets in Resources */,
			);
			runOnlyForDeploymentPostprocessing = 0;
		};
		5194D55427060F6500FA0365 /* Resources */ = {
			isa = PBXResourcesBuildPhase;
			buildActionMask = 2147483647;
			files = (
				5194D55E27060F6500FA0365 /* Assets.xcassets in Resources */,
			);
			runOnlyForDeploymentPostprocessing = 0;
		};
/* End PBXResourcesBuildPhase section */

/* Begin PBXShellScriptBuildPhase section */
		5194D58227063F8700FA0365 /* Run VerifyNoBuildSettings */ = {
			isa = PBXShellScriptBuildPhase;
			buildActionMask = 2147483647;
			files = (
			);
			inputFileListPaths = (
			);
			inputPaths = (
			);
			name = "Run VerifyNoBuildSettings";
			outputFileListPaths = (
			);
			outputPaths = (
			);
			runOnlyForDeploymentPostprocessing = 0;
			shellPath = /bin/sh;
			shellScript = "xcrun -sdk macosx swiftc -target x86_64-macosx10.11  tools/VerifyNoBuildSettings.swift -o $CONFIGURATION_TEMP_DIR/VerifyNoBS\n$CONFIGURATION_TEMP_DIR/VerifyNoBS ${PROJECT_NAME}.xcodeproj/project.pbxproj\n\n\nif [ $? -ne 0 ]\nthen\n   echo \"error: Build Setting were found in the project.pbxproj file.  Most likely you didn't intend to change this file and should revert it.\"\n   exit 1\nfi\n";
		};
/* End PBXShellScriptBuildPhase section */

/* Begin PBXSourcesBuildPhase section */
		5194D54C27060F6500FA0365 /* Sources */ = {
			isa = PBXSourcesBuildPhase;
			buildActionMask = 2147483647;
			files = (
				5194D56E27063A3500FA0365 /* CredentialsManager.swift in Sources */,
				5194D55B27060F6500FA0365 /* ContentView.swift in Sources */,
				5194D55927060F6500FA0365 /* RinggoldApp.swift in Sources */,
				5194D56B2706390700FA0365 /* AppDefaults.swift in Sources */,
			);
			runOnlyForDeploymentPostprocessing = 0;
		};
		5194D55227060F6500FA0365 /* Sources */ = {
			isa = PBXSourcesBuildPhase;
			buildActionMask = 2147483647;
			files = (
				5194D56F27063A3500FA0365 /* CredentialsManager.swift in Sources */,
				5194D55C27060F6500FA0365 /* ContentView.swift in Sources */,
				5194D55A27060F6500FA0365 /* RinggoldApp.swift in Sources */,
				5194D56C2706390700FA0365 /* AppDefaults.swift in Sources */,
			);
			runOnlyForDeploymentPostprocessing = 0;
		};
/* End PBXSourcesBuildPhase section */

/* Begin XCBuildConfiguration section */
		5194D55F27060F6500FA0365 /* Debug */ = {
			isa = XCBuildConfiguration;
			baseConfigurationReference = 5194D58027063E8300FA0365 /* Ringgold_project_debug.xcconfig */;
			buildSettings = {
			};
			name = Debug;
		};
		5194D56027060F6500FA0365 /* Release */ = {
			isa = XCBuildConfiguration;
			baseConfigurationReference = 5194D58127063E8300FA0365 /* Ringgold_project_release.xcconfig */;
			buildSettings = {
			};
			name = Release;
		};
		5194D56227060F6500FA0365 /* Debug */ = {
			isa = XCBuildConfiguration;
			baseConfigurationReference = 5194D57227063CA100FA0365 /* Ringgold_ios_target.xcconfig */;
			buildSettings = {
			};
			name = Debug;
		};
		5194D56327060F6500FA0365 /* Release */ = {
			isa = XCBuildConfiguration;
			baseConfigurationReference = 5194D57227063CA100FA0365 /* Ringgold_ios_target.xcconfig */;
			buildSettings = {
			};
			name = Release;
		};
		5194D56527060F6500FA0365 /* Debug */ = {
			isa = XCBuildConfiguration;
			baseConfigurationReference = 5194D57127063CA100FA0365 /* Ringgold_macOS_target.xcconfig */;
			buildSettings = {
			};
			name = Debug;
		};
		5194D56627060F6500FA0365 /* Release */ = {
			isa = XCBuildConfiguration;
			baseConfigurationReference = 5194D57127063CA100FA0365 /* Ringgold_macOS_target.xcconfig */;
			buildSettings = {
			};
			name = Release;
		};
/* End XCBuildConfiguration section */

/* Begin XCConfigurationList section */
		5194D54727060F6300FA0365 /* Build configuration list for PBXProject "Ringgold" */ = {
			isa = XCConfigurationList;
			buildConfigurations = (
				5194D55F27060F6500FA0365 /* Debug */,
				5194D56027060F6500FA0365 /* Release */,
			);
			defaultConfigurationIsVisible = 0;
			defaultConfigurationName = Release;
		};
		5194D56127060F6500FA0365 /* Build configuration list for PBXNativeTarget "Ringgold (iOS)" */ = {
			isa = XCConfigurationList;
			buildConfigurations = (
				5194D56227060F6500FA0365 /* Debug */,
				5194D56327060F6500FA0365 /* Release */,
			);
			defaultConfigurationIsVisible = 0;
			defaultConfigurationName = Release;
		};
		5194D56427060F6500FA0365 /* Build configuration list for PBXNativeTarget "Ringgold (macOS)" */ = {
			isa = XCConfigurationList;
			buildConfigurations = (
				5194D56527060F6500FA0365 /* Debug */,
				5194D56627060F6500FA0365 /* Release */,
			);
			defaultConfigurationIsVisible = 0;
			defaultConfigurationName = Release;
		};
/* End XCConfigurationList section */

/* Begin XCRemoteSwiftPackageReference section */
		5194D56727060FEC00FA0365 /* XCRemoteSwiftPackageReference "snippets" */ = {
			isa = XCRemoteSwiftPackageReference;
			repositoryURL = "https://github.com/microdotblog/snippets.git";
			requirement = {
				kind = upToNextMajorVersion;
				minimumVersion = 1.0.0;
			};
		};
/* End XCRemoteSwiftPackageReference section */

/* Begin XCSwiftPackageProductDependency section */
		5194D56827060FEC00FA0365 /* Snippets */ = {
			isa = XCSwiftPackageProductDependency;
			package = 5194D56727060FEC00FA0365 /* XCRemoteSwiftPackageReference "snippets" */;
			productName = Snippets;
		};
		5194D58927064D6B00FA0365 /* Snippets */ = {
			isa = XCSwiftPackageProductDependency;
			package = 5194D56727060FEC00FA0365 /* XCRemoteSwiftPackageReference "snippets" */;
			productName = Snippets;
		};
/* End XCSwiftPackageProductDependency section */
	};
	rootObject = 5194D54427060F6300FA0365 /* Project object */;
}
